symfony v2.0.17
twig v1.10.3
monolog 1.0.2
doctrine-common 2.1.4
doctrine-dbal 2.1.6
doctrine 2.1.6
swiftmailer v4.1.7
assetic v1.0.3
metadata 1.0.0
AsseticBundle v1.0.1
FOSUserBundle 1.2.0
gherkin v2.1.1
behat v2.3.5
BehatBundle v1.0.0
BehatCommonContexts v1.1.0
mink v1.3.3
DoctrineMigrationsBundle bd69825665bf3cb4c36b608fa79f364cece371c5
TwitterBootstrap1 v1.4.0
TwitterBootstrap2 v2.0.0
DoctrineFixturesBundle v2.0.0
doctrine-fixtures v1.0.0-ALPHA3~4
SensioFrameworkExtraBundle v2.0.17~2
twig-extensions dcdff02fbac1282e6b8f4d0558cc7e9580105688
JMSSecurityExtraBundle 1.0.0
SensioDistributionBundle v2.0.17
SensioGeneratorBundle v2.0.17
doctrine-migrations v1.0-ALPHA1
