symfony v2.0.14
twig v1.7.0
monolog 1.0.2
doctrine-common 2.1.4
doctrine-dbal 2.1.6
doctrine 2.1.6
swiftmailer v4.1.7
assetic v1.0.3
metadata 1.0.0
AsseticBundle v1.0.1
FOSUserBundle 1.2.0
gherkin v2.1.1
behat v2.3.5
BehatBundle v1.0.0
BehatCommonContexts v1.1.0
mink v1.3.3
DoctrineMigrationsBundle bd69825665bf3cb4c36b608fa79f364cece371c5
TwitterBootstrap1 v1.4.0
TwitterBootstrap2 v2.0.0
